
Microsoft Visual Studio Solution File, Format Version 12.00
# Visual Studio Version 17
VisualStudioVersion = 17.4.33213.308
MinimumVisualStudioVersion = 10.0.40219.1
Project("{FAE04EC0-301F-11D3-BF4B-00C04F79EFBC}") = "CSharpBasicPractice", "CSharpBasicPractice\CSharpBasicPractice.csproj", "{5C25FC90-8915-4DEA-B0EA-1F6E14E03BDF}"
EndProject
Global
	GlobalSection(SolutionConfigurationPlatforms) = preSolution
		Debug|Any CPU = Debug|Any CPU
		Release|Any CPU = Release|Any CPU
	EndGlobalSection
	GlobalSection(ProjectConfigurationPlatforms) = postSolution
		{5C25FC90-8915-4DEA-B0EA-1F6E14E03BDF}.Debug|Any CPU.ActiveCfg = Debug|Any CPU
		{5C25FC90-8915-4DEA-B0EA-1F6E14E03BDF}.Debug|Any CPU.Build.0 = Debug|Any CPU
		{5C25FC90-8915-4DEA-B0EA-1F6E14E03BDF}.Release|Any CPU.ActiveCfg = Release|Any CPU
		{5C25FC90-8915-4DEA-B0EA-1F6E14E03BDF}.Release|Any CPU.Build.0 = Release|Any CPU
	EndGlobalSection
	GlobalSection(SolutionProperties) = preSolution
		HideSolutionNode = FALSE
	EndGlobalSection
	GlobalSection(ExtensibilityGlobals) = postSolution
		SolutionGuid = {7EF99E46-AE77-4683-85FF-3EC82FF9B552}
	EndGlobalSection
EndGlobal
